
Microsoft Visual Studio Solution File, Format Version 12.00
# Visual Studio Version 16
VisualStudioVersion = 16.0.31729.503
MinimumVisualStudioVersion = 10.0.40219.1
Project("{8BC9CEB8-8B4A-11D0-8D11-00A0C91BC942}") = "Practice1", "Practice1\Practice1.vcxproj", "{3B89E5B7-EC66-4451-958F-A28EAD91A438}"
EndProject
Project("{8BC9CEB8-8B4A-11D0-8D11-00A0C91BC942}") = "ex2-input", "example2\example2.vcxproj", "{B22719D3-EC5B-4E1C-A2A3-8F74DB8EC297}"
EndProject
Project("{8BC9CEB8-8B4A-11D0-8D11-00A0C91BC942}") = "ex3-20questions", "ex3-20questions\ex3-20questions.vcxproj", "{5632F11F-47A4-49E7-AD06-156CFD5C49BA}"
EndProject
Project("{8BC9CEB8-8B4A-11D0-8D11-00A0C91BC942}") = "ex4-histogram", "ex4-histogram\ex4-histogram.vcxproj", "{590EC969-245C-4D50-A39D-941B832931E9}"
EndProject
Project("{8BC9CEB8-8B4A-11D0-8D11-00A0C91BC942}") = "homework-4-1", "homework-5-1\homework-5-1.vcxproj", "{09716251-937D-45C8-BA74-C2CC11E48A5C}"
EndProject
Project("{8BC9CEB8-8B4A-11D0-8D11-00A0C91BC942}") = "homework-4-2", "homework-4-2\homework-4-2.vcxproj", "{52E0640D-BE1F-4885-8F55-5A8A3F616CDD}"
EndProject
Project("{8BC9CEB8-8B4A-11D0-8D11-00A0C91BC942}") = "ClassExample", "ClassExample\ClassExample.vcxproj", "{6EAB517B-6905-4BE8-83BC-8A9D98A900FC}"
EndProject
Project("{8BC9CEB8-8B4A-11D0-8D11-00A0C91BC942}") = "rectangle", "rectangle\rectangle.vcxproj", "{D444C6BD-238F-47E3-A9F7-1116D4A90089}"
EndProject
Project("{8BC9CEB8-8B4A-11D0-8D11-00A0C91BC942}") = "classTest", "classTest\classTest.vcxproj", "{116E5580-076C-48EA-BA0F-AEE48F2DF0FA}"
EndProject
Project("{8BC9CEB8-8B4A-11D0-8D11-00A0C91BC942}") = "fifoQueue", "fifoQueue\fifoQueue.vcxproj", "{7D8606B3-B874-4F75-9CA2-8A404CE3938C}"
EndProject
Project("{8BC9CEB8-8B4A-11D0-8D11-00A0C91BC942}") = "homework5-1", "homework5-1\homework5-1.vcxproj", "{D503EDFA-388B-49F2-832D-E3313633ACCC}"
EndProject
Global
	GlobalSection(SolutionConfigurationPlatforms) = preSolution
		Debug|x64 = Debug|x64
		Debug|x86 = Debug|x86
		Release|x64 = Release|x64
		Release|x86 = Release|x86
	EndGlobalSection
	GlobalSection(ProjectConfigurationPlatforms) = postSolution
		{3B89E5B7-EC66-4451-958F-A28EAD91A438}.Debug|x64.ActiveCfg = Debug|x64
		{3B89E5B7-EC66-4451-958F-A28EAD91A438}.Debug|x64.Build.0 = Debug|x64
		{3B89E5B7-EC66-4451-958F-A28EAD91A438}.Debug|x86.ActiveCfg = Debug|Win32
		{3B89E5B7-EC66-4451-958F-A28EAD91A438}.Debug|x86.Build.0 = Debug|Win32
		{3B89E5B7-EC66-4451-958F-A28EAD91A438}.Release|x64.ActiveCfg = Release|x64
		{3B89E5B7-EC66-4451-958F-A28EAD91A438}.Release|x64.Build.0 = Release|x64
		{3B89E5B7-EC66-4451-958F-A28EAD91A438}.Release|x86.ActiveCfg = Release|Win32
		{3B89E5B7-EC66-4451-958F-A28EAD91A438}.Release|x86.Build.0 = Release|Win32
		{B22719D3-EC5B-4E1C-A2A3-8F74DB8EC297}.Debug|x64.ActiveCfg = Debug|x64
		{B22719D3-EC5B-4E1C-A2A3-8F74DB8EC297}.Debug|x64.Build.0 = Debug|x64
		{B22719D3-EC5B-4E1C-A2A3-8F74DB8EC297}.Debug|x86.ActiveCfg = Debug|Win32
		{B22719D3-EC5B-4E1C-A2A3-8F74DB8EC297}.Debug|x86.Build.0 = Debug|Win32
		{B22719D3-EC5B-4E1C-A2A3-8F74DB8EC297}.Release|x64.ActiveCfg = Release|x64
		{B22719D3-EC5B-4E1C-A2A3-8F74DB8EC297}.Release|x64.Build.0 = Release|x64
		{B22719D3-EC5B-4E1C-A2A3-8F74DB8EC297}.Release|x86.ActiveCfg = Release|Win32
		{B22719D3-EC5B-4E1C-A2A3-8F74DB8EC297}.Release|x86.Build.0 = Release|Win32
		{5632F11F-47A4-49E7-AD06-156CFD5C49BA}.Debug|x64.ActiveCfg = Debug|x64
		{5632F11F-47A4-49E7-AD06-156CFD5C49BA}.Debug|x64.Build.0 = Debug|x64
		{5632F11F-47A4-49E7-AD06-156CFD5C49BA}.Debug|x86.ActiveCfg = Debug|Win32
		{5632F11F-47A4-49E7-AD06-156CFD5C49BA}.Debug|x86.Build.0 = Debug|Win32
		{5632F11F-47A4-49E7-AD06-156CFD5C49BA}.Release|x64.ActiveCfg = Release|x64
		{5632F11F-47A4-49E7-AD06-156CFD5C49BA}.Release|x64.Build.0 = Release|x64
		{5632F11F-47A4-49E7-AD06-156CFD5C49BA}.Release|x86.ActiveCfg = Release|Win32
		{5632F11F-47A4-49E7-AD06-156CFD5C49BA}.Release|x86.Build.0 = Release|Win32
		{590EC969-245C-4D50-A39D-941B832931E9}.Debug|x64.ActiveCfg = Debug|x64
		{590EC969-245C-4D50-A39D-941B832931E9}.Debug|x64.Build.0 = Debug|x64
		{590EC969-245C-4D50-A39D-941B832931E9}.Debug|x86.ActiveCfg = Debug|Win32
		{590EC969-245C-4D50-A39D-941B832931E9}.Debug|x86.Build.0 = Debug|Win32
		{590EC969-245C-4D50-A39D-941B832931E9}.Release|x64.ActiveCfg = Release|x64
		{590EC969-245C-4D50-A39D-941B832931E9}.Release|x64.Build.0 = Release|x64
		{590EC969-245C-4D50-A39D-941B832931E9}.Release|x86.ActiveCfg = Release|Win32
		{590EC969-245C-4D50-A39D-941B832931E9}.Release|x86.Build.0 = Release|Win32
		{09716251-937D-45C8-BA74-C2CC11E48A5C}.Debug|x64.ActiveCfg = Debug|x64
		{09716251-937D-45C8-BA74-C2CC11E48A5C}.Debug|x64.Build.0 = Debug|x64
		{09716251-937D-45C8-BA74-C2CC11E48A5C}.Debug|x86.ActiveCfg = Debug|Win32
		{09716251-937D-45C8-BA74-C2CC11E48A5C}.Debug|x86.Build.0 = Debug|Win32
		{09716251-937D-45C8-BA74-C2CC11E48A5C}.Release|x64.ActiveCfg = Release|x64
		{09716251-937D-45C8-BA74-C2CC11E48A5C}.Release|x64.Build.0 = Release|x64
		{09716251-937D-45C8-BA74-C2CC11E48A5C}.Release|x86.ActiveCfg = Release|Win32
		{09716251-937D-45C8-BA74-C2CC11E48A5C}.Release|x86.Build.0 = Release|Win32
		{52E0640D-BE1F-4885-8F55-5A8A3F616CDD}.Debug|x64.ActiveCfg = Debug|x64
		{52E0640D-BE1F-4885-8F55-5A8A3F616CDD}.Debug|x64.Build.0 = Debug|x64
		{52E0640D-BE1F-4885-8F55-5A8A3F616CDD}.Debug|x86.ActiveCfg = Debug|Win32
		{52E0640D-BE1F-4885-8F55-5A8A3F616CDD}.Debug|x86.Build.0 = Debug|Win32
		{52E0640D-BE1F-4885-8F55-5A8A3F616CDD}.Release|x64.ActiveCfg = Release|x64
		{52E0640D-BE1F-4885-8F55-5A8A3F616CDD}.Release|x64.Build.0 = Release|x64
		{52E0640D-BE1F-4885-8F55-5A8A3F616CDD}.Release|x86.ActiveCfg = Release|Win32
		{52E0640D-BE1F-4885-8F55-5A8A3F616CDD}.Release|x86.Build.0 = Release|Win32
		{6EAB517B-6905-4BE8-83BC-8A9D98A900FC}.Debug|x64.ActiveCfg = Debug|x64
		{6EAB517B-6905-4BE8-83BC-8A9D98A900FC}.Debug|x64.Build.0 = Debug|x64
		{6EAB517B-6905-4BE8-83BC-8A9D98A900FC}.Debug|x86.ActiveCfg = Debug|Win32
		{6EAB517B-6905-4BE8-83BC-8A9D98A900FC}.Debug|x86.Build.0 = Debug|Win32
		{6EAB517B-6905-4BE8-83BC-8A9D98A900FC}.Release|x64.ActiveCfg = Release|x64
		{6EAB517B-6905-4BE8-83BC-8A9D98A900FC}.Release|x64.Build.0 = Release|x64
		{6EAB517B-6905-4BE8-83BC-8A9D98A900FC}.Release|x86.ActiveCfg = Release|Win32
		{6EAB517B-6905-4BE8-83BC-8A9D98A900FC}.Release|x86.Build.0 = Release|Win32
		{D444C6BD-238F-47E3-A9F7-1116D4A90089}.Debug|x64.ActiveCfg = Debug|x64
		{D444C6BD-238F-47E3-A9F7-1116D4A90089}.Debug|x64.Build.0 = Debug|x64
		{D444C6BD-238F-47E3-A9F7-1116D4A90089}.Debug|x86.ActiveCfg = Debug|Win32
		{D444C6BD-238F-47E3-A9F7-1116D4A90089}.Debug|x86.Build.0 = Debug|Win32
		{D444C6BD-238F-47E3-A9F7-1116D4A90089}.Release|x64.ActiveCfg = Release|x64
		{D444C6BD-238F-47E3-A9F7-1116D4A90089}.Release|x64.Build.0 = Release|x64
		{D444C6BD-238F-47E3-A9F7-1116D4A90089}.Release|x86.ActiveCfg = Release|Win32
		{D444C6BD-238F-47E3-A9F7-1116D4A90089}.Release|x86.Build.0 = Release|Win32
		{116E5580-076C-48EA-BA0F-AEE48F2DF0FA}.Debug|x64.ActiveCfg = Debug|x64
		{116E5580-076C-48EA-BA0F-AEE48F2DF0FA}.Debug|x64.Build.0 = Debug|x64
		{116E5580-076C-48EA-BA0F-AEE48F2DF0FA}.Debug|x86.ActiveCfg = Debug|Win32
		{116E5580-076C-48EA-BA0F-AEE48F2DF0FA}.Debug|x86.Build.0 = Debug|Win32
		{116E5580-076C-48EA-BA0F-AEE48F2DF0FA}.Release|x64.ActiveCfg = Release|x64
		{116E5580-076C-48EA-BA0F-AEE48F2DF0FA}.Release|x64.Build.0 = Release|x64
		{116E5580-076C-48EA-BA0F-AEE48F2DF0FA}.Release|x86.ActiveCfg = Release|Win32
		{116E5580-076C-48EA-BA0F-AEE48F2DF0FA}.Release|x86.Build.0 = Release|Win32
		{7D8606B3-B874-4F75-9CA2-8A404CE3938C}.Debug|x64.ActiveCfg = Debug|x64
		{7D8606B3-B874-4F75-9CA2-8A404CE3938C}.Debug|x64.Build.0 = Debug|x64
		{7D8606B3-B874-4F75-9CA2-8A404CE3938C}.Debug|x86.ActiveCfg = Debug|Win32
		{7D8606B3-B874-4F75-9CA2-8A404CE3938C}.Debug|x86.Build.0 = Debug|Win32
		{7D8606B3-B874-4F75-9CA2-8A404CE3938C}.Release|x64.ActiveCfg = Release|x64
		{7D8606B3-B874-4F75-9CA2-8A404CE3938C}.Release|x64.Build.0 = Release|x64
		{7D8606B3-B874-4F75-9CA2-8A404CE3938C}.Release|x86.ActiveCfg = Release|Win32
		{7D8606B3-B874-4F75-9CA2-8A404CE3938C}.Release|x86.Build.0 = Release|Win32
		{D503EDFA-388B-49F2-832D-E3313633ACCC}.Debug|x64.ActiveCfg = Debug|x64
		{D503EDFA-388B-49F2-832D-E3313633ACCC}.Debug|x64.Build.0 = Debug|x64
		{D503EDFA-388B-49F2-832D-E3313633ACCC}.Debug|x86.ActiveCfg = Debug|Win32
		{D503EDFA-388B-49F2-832D-E3313633ACCC}.Debug|x86.Build.0 = Debug|Win32
		{D503EDFA-388B-49F2-832D-E3313633ACCC}.Release|x64.ActiveCfg = Release|x64
		{D503EDFA-388B-49F2-832D-E3313633ACCC}.Release|x64.Build.0 = Release|x64
		{D503EDFA-388B-49F2-832D-E3313633ACCC}.Release|x86.ActiveCfg = Release|Win32
		{D503EDFA-388B-49F2-832D-E3313633ACCC}.Release|x86.Build.0 = Release|Win32
	EndGlobalSection
	GlobalSection(SolutionProperties) = preSolution
		HideSolutionNode = FALSE
	EndGlobalSection
	GlobalSection(ExtensibilityGlobals) = postSolution
		SolutionGuid = {7ECDBD96-9A6C-46C9-B08D-9FC245EB66BC}
	EndGlobalSection
EndGlobal
